// !$*UTF8*$!
{
	archiveVersion = 1;
	classes = {
	};
	objectVersion = 50;
	objects = {

/* Begin PBXBuildFile section */
		BA268EEE2541D55D00DD9DEC /* AppDelegate.swift in Sources */ = {isa = PBXBuildFile; fileRef = BA268EED2541D55D00DD9DEC /* AppDelegate.swift */; };
		BA268EF02541D55D00DD9DEC /* SceneDelegate.swift in Sources */ = {isa = PBXBuildFile; fileRef = BA268EEF2541D55D00DD9DEC /* SceneDelegate.swift */; };
		BA268EF22541D55D00DD9DEC /* ViewController.swift in Sources */ = {isa = PBXBuildFile; fileRef = BA268EF12541D55D00DD9DEC /* ViewController.swift */; };
		BA268EF52541D55D00DD9DEC /* Main.storyboard in Resources */ = {isa = PBXBuildFile; fileRef = BA268EF32541D55D00DD9DEC /* Main.storyboard */; };
		BA268EF72541D55E00DD9DEC /* Assets.xcassets in Resources */ = {isa = PBXBuildFile; fileRef = BA268EF62541D55E00DD9DEC /* Assets.xcassets */; };
		BA268EFA2541D55E00DD9DEC /* LaunchScreen.storyboard in Resources */ = {isa = PBXBuildFile; fileRef = BA268EF82541D55E00DD9DEC /* LaunchScreen.storyboard */; };
/* End PBXBuildFile section */

/* Begin PBXFileReference section */
		BA268EEA2541D55D00DD9DEC /* Atlantis-Example.app */ = {isa = PBXFileReference; explicitFileType = wrapper.application; includeInIndex = 0; path = "Atlantis-Example.app"; sourceTree = BUILT_PRODUCTS_DIR; };
		BA268EED2541D55D00DD9DEC /* AppDelegate.swift */ = {isa = PBXFileReference; lastKnownFileType = sourcecode.swift; path = AppDelegate.swift; sourceTree = "<group>"; };
		BA268EEF2541D55D00DD9DEC /* SceneDelegate.swift */ = {isa = PBXFileReference; lastKnownFileType = sourcecode.swift; path = SceneDelegate.swift; sourceTree = "<group>"; };
		BA268EF12541D55D00DD9DEC /* ViewController.swift */ = {isa = PBXFileReference; lastKnownFileType = sourcecode.swift; path = ViewController.swift; sourceTree = "<group>"; };
		BA268EF42541D55D00DD9DEC /* Base */ = {isa = PBXFileReference; lastKnownFileType = file.storyboard; name = Base; path = Base.lproj/Main.storyboard; sourceTree = "<group>"; };
		BA268EF62541D55E00DD9DEC /* Assets.xcassets */ = {isa = PBXFileReference; lastKnownFileType = folder.assetcatalog; path = Assets.xcassets; sourceTree = "<group>"; };
		BA268EF92541D55E00DD9DEC /* Base */ = {isa = PBXFileReference; lastKnownFileType = file.storyboard; name = Base; path = Base.lproj/LaunchScreen.storyboard; sourceTree = "<group>"; };
		BA268EFB2541D55E00DD9DEC /* Info.plist */ = {isa = PBXFileReference; lastKnownFileType = text.plist.xml; path = Info.plist; sourceTree = "<group>"; };
/* End PBXFileReference section */

/* Begin PBXFrameworksBuildPhase section */
		BA268EE72541D55D00DD9DEC /* Frameworks */ = {
			isa = PBXFrameworksBuildPhase;
			buildActionMask = 2147483647;
			files = (
			);
			runOnlyForDeploymentPostprocessing = 0;
		};
/* End PBXFrameworksBuildPhase section */

/* Begin PBXGroup section */
		BA268EE12541D55D00DD9DEC = {
			isa = PBXGroup;
			children = (
				BA268EEC2541D55D00DD9DEC /* Atlantis-Example */,
				BA268EEB2541D55D00DD9DEC /* Products */,
			);
			sourceTree = "<group>";
		};
		BA268EEB2541D55D00DD9DEC /* Products */ = {
			isa = PBXGroup;
			children = (
				BA268EEA2541D55D00DD9DEC /* Atlantis-Example.app */,
			);
			name = Products;
			sourceTree = "<group>";
		};
		BA268EEC2541D55D00DD9DEC /* Atlantis-Example */ = {
			isa = PBXGroup;
			children = (
				BA268EED2541D55D00DD9DEC /* AppDelegate.swift */,
				BA268EEF2541D55D00DD9DEC /* SceneDelegate.swift */,
				BA268EF12541D55D00DD9DEC /* ViewController.swift */,
				BA268EF32541D55D00DD9DEC /* Main.storyboard */,
				BA268EF62541D55E00DD9DEC /* Assets.xcassets */,
				BA268EF82541D55E00DD9DEC /* LaunchScreen.storyboard */,
				BA268EFB2541D55E00DD9DEC /* Info.plist */,
			);
			path = "Atlantis-Example";
			sourceTree = "<group>";
		};
/* End PBXGroup section */

/* Begin PBXNativeTarget section */
		BA268EE92541D55D00DD9DEC /* Atlantis-Example */ = {
			isa = PBXNativeTarget;
			buildConfigurationList = BA268EFE2541D55E00DD9DEC /* Build configuration list for PBXNativeTarget "Atlantis-Example" */;
			buildPhases = (
				BA268EE62541D55D00DD9DEC /* Sources */,
				BA268EE72541D55D00DD9DEC /* Frameworks */,
				BA268EE82541D55D00DD9DEC /* Resources */,
			);
			buildRules = (
			);
			dependencies = (
			);
			name = "Atlantis-Example";
			productName = "Atlantis-Example";
			productReference = BA268EEA2541D55D00DD9DEC /* Atlantis-Example.app */;
			productType = "com.apple.product-type.application";
		};
/* End PBXNativeTarget section */

/* Begin PBXProject section */
		BA268EE22541D55D00DD9DEC /* Project object */ = {
			isa = PBXProject;
			attributes = {
				LastSwiftUpdateCheck = 1170;
				LastUpgradeCheck = 1170;
				ORGANIZATIONNAME = "Nghia Tran";
				TargetAttributes = {
					BA268EE92541D55D00DD9DEC = {
						CreatedOnToolsVersion = 11.7;
					};
				};
			};
			buildConfigurationList = BA268EE52541D55D00DD9DEC /* Build configuration list for PBXProject "Atlantis-Example" */;
			compatibilityVersion = "Xcode 9.3";
			developmentRegion = en;
			hasScannedForEncodings = 0;
			knownRegions = (
				en,
				Base,
			);
			mainGroup = BA268EE12541D55D00DD9DEC;
			productRefGroup = BA268EEB2541D55D00DD9DEC /* Products */;
			projectDirPath = "";
			projectRoot = "";
			targets = (
				BA268EE92541D55D00DD9DEC /* Atlantis-Example */,
			);
		};
/* End PBXProject section */

/* Begin PBXResourcesBuildPhase section */
		BA268EE82541D55D00DD9DEC /* Resources */ = {
			isa = PBXResourcesBuildPhase;
			buildActionMask = 2147483647;
			files = (
				BA268EFA2541D55E00DD9DEC /* LaunchScreen.storyboard in Resources */,
				BA268EF72541D55E00DD9DEC /* Assets.xcassets in Resources */,
				BA268EF52541D55D00DD9DEC /* Main.storyboard in Resources */,
			);
			runOnlyForDeploymentPostprocessing = 0;
		};
/* End PBXResourcesBuildPhase section */

/* Begin PBXSourcesBuildPhase section */
		BA268EE62541D55D00DD9DEC /* Sources */ = {
			isa = PBXSourcesBuildPhase;
			buildActionMask = 2147483647;
			files = (
				BA268EF22541D55D00DD9DEC /* ViewController.swift in Sources */,
				BA268EEE2541D55D00DD9DEC /* AppDelegate.swift in Sources */,
				BA268EF02541D55D00DD9DEC /* SceneDelegate.swift in Sources */,
			);
			runOnlyForDeploymentPostprocessing = 0;
		};
/* End PBXSourcesBuildPhase section */

/* Begin PBXVariantGroup section */
		BA268EF32541D55D00DD9DEC /* Main.storyboard */ = {
			isa = PBXVariantGroup;
			children = (
				BA268EF42541D55D00DD9DEC /* Base */,
			);
			name = Main.storyboard;
			sourceTree = "<group>";
		};
		BA268EF82541D55E00DD9DEC /* LaunchScreen.storyboard */ = {
			isa = PBXVariantGroup;
			children = (
				BA268EF92541D55E00DD9DEC /* Base */,
			);
			name = LaunchScreen.storyboard;
			sourceTree = "<group>";
		};
/* End PBXVariantGroup section */

/* Begin XCBuildConfiguration section */
		BA268EFC2541D55E00DD9DEC /* Debug */ = {
			isa = XCBuildConfiguration;
			buildSettings = {
				ALWAYS_SEARCH_USER_PATHS = NO;
				CLANG_ANALYZER_NONNULL = YES;
				CLANG_ANALYZER_NUMBER_OBJECT_CONVERSION = YES_AGGRESSIVE;
				CLANG_CXX_LANGUAGE_STANDARD = "gnu++14";
				CLANG_CXX_LIBRARY = "libc++";
				CLANG_ENABLE_MODULES = YES;
				CLANG_ENABLE_OBJC_ARC = YES;
				CLANG_ENABLE_OBJC_WEAK = YES;
				CLANG_WARN_BLOCK_CAPTURE_AUTORELEASING = YES;
				CLANG_WARN_BOOL_CONVERSION = YES;
				CLANG_WARN_COMMA = YES;
				CLANG_WARN_CONSTANT_CONVERSION = YES;
				CLANG_WARN_DEPRECATED_OBJC_IMPLEMENTATIONS = YES;
				CLANG_WARN_DIRECT_OBJC_ISA_USAGE = YES_ERROR;
				CLANG_WARN_DOCUMENTATION_COMMENTS = YES;
				CLANG_WARN_EMPTY_BODY = YES;
				CLANG_WARN_ENUM_CONVERSION = YES;
				CLANG_WARN_INFINITE_RECURSION = YES;
				CLANG_WARN_INT_CONVERSION = YES;
				CLANG_WARN_NON_LITERAL_NULL_CONVERSION = YES;
				CLANG_WARN_OBJC_IMPLICIT_RETAIN_SELF = YES;
				CLANG_WARN_OBJC_LITERAL_CONVERSION = YES;
				CLANG_WARN_OBJC_ROOT_CLASS = YES_ERROR;
				CLANG_WARN_RANGE_LOOP_ANALYSIS = YES;
				CLANG_WARN_STRICT_PROTOTYPES = YES;
				CLANG_WARN_SUSPICIOUS_MOVE = YES;
				CLANG_WARN_UNGUARDED_AVAILABILITY = YES_AGGRESSIVE;
				CLANG_WARN_UNREACHABLE_CODE = YES;
				CLANG_WARN__DUPLICATE_METHOD_MATCH = YES;
				COPY_PHASE_STRIP = NO;
				DEBUG_INFORMATION_FORMAT = dwarf;
				ENABLE_STRICT_OBJC_MSGSEND = YES;
				ENABLE_TESTABILITY = YES;
				GCC_C_LANGUAGE_STANDARD = gnu11;
				GCC_DYNAMIC_NO_PIC = NO;
				GCC_NO_COMMON_BLOCKS = YES;
				GCC_OPTIMIZATION_LEVEL = 0;
				GCC_PREPROCESSOR_DEFINITIONS = (
					"DEBUG=1",
					"$(inherited)",
				);
				GCC_WARN_64_TO_32_BIT_CONVERSION = YES;
				GCC_WARN_ABOUT_RETURN_TYPE = YES_ERROR;
				GCC_WARN_UNDECLARED_SELECTOR = YES;
				GCC_WARN_UNINITIALIZED_AUTOS = YES_AGGRESSIVE;
				GCC_WARN_UNUSED_FUNCTION = YES;
				GCC_WARN_UNUSED_VARIABLE = YES;
				IPHONEOS_DEPLOYMENT_TARGET = 13.7;
				MTL_ENABLE_DEBUG_INFO = INCLUDE_SOURCE;
				MTL_FAST_MATH = YES;
				ONLY_ACTIVE_ARCH = YES;
				SDKROOT = iphoneos;
				SWIFT_ACTIVE_COMPILATION_CONDITIONS = DEBUG;
				SWIFT_OPTIMIZATION_LEVEL = "-Onone";
			};
			name = Debug;
		};
		BA268EFD2541D55E00DD9DEC /* Release */ = {
			isa = XCBuildConfiguration;
			buildSettings = {
				ALWAYS_SEARCH_USER_PATHS = NO;
				CLANG_ANALYZER_NONNULL = YES;
				CLANG_ANALYZER_NUMBER_OBJECT_CONVERSION = YES_AGGRESSIVE;
				CLANG_CXX_LANGUAGE_STANDARD = "gnu++14";
				CLANG_CXX_LIBRARY = "libc++";
				CLANG_ENABLE_MODULES = YES;
				CLANG_ENABLE_OBJC_ARC = YES;
				CLANG_ENABLE_OBJC_WEAK = YES;
				CLANG_WARN_BLOCK_CAPTURE_AUTORELEASING = YES;
				CLANG_WARN_BOOL_CONVERSION = YES;
				CLANG_WARN_COMMA = YES;
				CLANG_WARN_CONSTANT_CONVERSION = YES;
				CLANG_WARN_DEPRECATED_OBJC_IMPLEMENTATIONS = YES;
				CLANG_WARN_DIRECT_OBJC_ISA_USAGE = YES_ERROR;
				CLANG_WARN_DOCUMENTATION_COMMENTS = YES;
				CLANG_WARN_EMPTY_BODY = YES;
				CLANG_WARN_ENUM_CONVERSION = YES;
				CLANG_WARN_INFINITE_RECURSION = YES;
				CLANG_WARN_INT_CONVERSION = YES;
				CLANG_WARN_NON_LITERAL_NULL_CONVERSION = YES;
				CLANG_WARN_OBJC_IMPLICIT_RETAIN_SELF = YES;
				CLANG_WARN_OBJC_LITERAL_CONVERSION = YES;
				CLANG_WARN_OBJC_ROOT_CLASS = YES_ERROR;
				CLANG_WARN_RANGE_LOOP_ANALYSIS = YES;
				CLANG_WARN_STRICT_PROTOTYPES = YES;
				CLANG_WARN_SUSPICIOUS_MOVE = YES;
				CLANG_WARN_UNGUARDED_AVAILABILITY = YES_AGGRESSIVE;
				CLANG_WARN_UNREACHABLE_CODE = YES;
				CLANG_WARN__DUPLICATE_METHOD_MATCH = YES;
				COPY_PHASE_STRIP = NO;
				DEBUG_INFORMATION_FORMAT = "dwarf-with-dsym";
				ENABLE_NS_ASSERTIONS = NO;
				ENABLE_STRICT_OBJC_MSGSEND = YES;
				GCC_C_LANGUAGE_STANDARD = gnu11;
				GCC_NO_COMMON_BLOCKS = YES;
				GCC_WARN_64_TO_32_BIT_CONVERSION = YES;
				GCC_WARN_ABOUT_RETURN_TYPE = YES_ERROR;
				GCC_WARN_UNDECLARED_SELECTOR = YES;
				GCC_WARN_UNINITIALIZED_AUTOS = YES_AGGRESSIVE;
				GCC_WARN_UNUSED_FUNCTION = YES;
				GCC_WARN_UNUSED_VARIABLE = YES;
				IPHONEOS_DEPLOYMENT_TARGET = 13.7;
				MTL_ENABLE_DEBUG_INFO = NO;
				MTL_FAST_MATH = YES;
				SDKROOT = iphoneos;
				SWIFT_COMPILATION_MODE = wholemodule;
				SWIFT_OPTIMIZATION_LEVEL = "-O";
				VALIDATE_PRODUCT = YES;
			};
			name = Release;
		};
		BA268EFF2541D55E00DD9DEC /* Debug */ = {
			isa = XCBuildConfiguration;
			buildSettings = {
				ASSETCATALOG_COMPILER_APPICON_NAME = AppIcon;
				CODE_SIGN_STYLE = Automatic;
				DEVELOPMENT_TEAM = D54Y88Y9CY;
				INFOPLIST_FILE = "Atlantis-Example/Info.plist";
				LD_RUNPATH_SEARCH_PATHS = (
					"$(inherited)",
					"@executable_path/Frameworks",
				);
				PRODUCT_BUNDLE_IDENTIFIER = "com.proxyman.Atlantis-Example";
				PRODUCT_NAME = "$(TARGET_NAME)";
				SWIFT_VERSION = 5.0;
				TARGETED_DEVICE_FAMILY = "1,2";
			};
			name = Debug;
		};
		BA268F002541D55E00DD9DEC /* Release */ = {
			isa = XCBuildConfiguration;
			buildSettings = {
				ASSETCATALOG_COMPILER_APPICON_NAME = AppIcon;
				CODE_SIGN_STYLE = Automatic;
				DEVELOPMENT_TEAM = D54Y88Y9CY;
				INFOPLIST_FILE = "Atlantis-Example/Info.plist";
				LD_RUNPATH_SEARCH_PATHS = (
					"$(inherited)",
					"@executable_path/Frameworks",
				);
				PRODUCT_BUNDLE_IDENTIFIER = "com.proxyman.Atlantis-Example";
				PRODUCT_NAME = "$(TARGET_NAME)";
				SWIFT_VERSION = 5.0;
				TARGETED_DEVICE_FAMILY = "1,2";
			};
			name = Release;
		};
/* End XCBuildConfiguration section */

/* Begin XCConfigurationList section */
		BA268EE52541D55D00DD9DEC /* Build configuration list for PBXProject "Atlantis-Example" */ = {
			isa = XCConfigurationList;
			buildConfigurations = (
				BA268EFC2541D55E00DD9DEC /* Debug */,
				BA268EFD2541D55E00DD9DEC /* Release */,
			);
			defaultConfigurationIsVisible = 0;
			defaultConfigurationName = Release;
		};
		BA268EFE2541D55E00DD9DEC /* Build configuration list for PBXNativeTarget "Atlantis-Example" */ = {
			isa = XCConfigurationList;
			buildConfigurations = (
				BA268EFF2541D55E00DD9DEC /* Debug */,
				BA268F002541D55E00DD9DEC /* Release */,
			);
			defaultConfigurationIsVisible = 0;
			defaultConfigurationName = Release;
		};
/* End XCConfigurationList section */
	};
	rootObject = BA268EE22541D55D00DD9DEC /* Project object */;
}
