// !$*UTF8*$!
{
	archiveVersion = 1;
	classes = {
	};
	objectVersion = 46;
	objects = {

/* Begin PBXAggregateTarget section */
		"Atlantis::AtlantisPackageTests::ProductTarget" /* AtlantisPackageTests */ = {
			isa = PBXAggregateTarget;
			buildConfigurationList = OBJ_57 /* Build configuration list for PBXAggregateTarget "AtlantisPackageTests" */;
			buildPhases = (
			);
			dependencies = (
				OBJ_60 /* PBXTargetDependency */,
			);
			name = AtlantisPackageTests;
			productName = AtlantisPackageTests;
		};
/* End PBXAggregateTarget section */

/* Begin PBXBuildFile section */
		OBJ_37 /* Atlantis.swift in Sources */ = {isa = PBXBuildFile; fileRef = OBJ_8 /* Atlantis.swift */; };
		OBJ_38 /* Configuration.swift in Sources */ = {isa = PBXBuildFile; fileRef = OBJ_9 /* Configuration.swift */; };
		OBJ_39 /* DataCompression.swift in Sources */ = {isa = PBXBuildFile; fileRef = OBJ_10 /* DataCompression.swift */; };
		OBJ_40 /* DispatchQueue+Once.swift in Sources */ = {isa = PBXBuildFile; fileRef = OBJ_11 /* DispatchQueue+Once.swift */; };
		OBJ_41 /* Message.swift in Sources */ = {isa = PBXBuildFile; fileRef = OBJ_12 /* Message.swift */; };
		OBJ_42 /* NetworkInjector+URLConnection.swift in Sources */ = {isa = PBXBuildFile; fileRef = OBJ_13 /* NetworkInjector+URLConnection.swift */; };
		OBJ_43 /* NetworkInjector+URLSession.swift in Sources */ = {isa = PBXBuildFile; fileRef = OBJ_14 /* NetworkInjector+URLSession.swift */; };
		OBJ_44 /* NetworkInjector.swift in Sources */ = {isa = PBXBuildFile; fileRef = OBJ_15 /* NetworkInjector.swift */; };
		OBJ_45 /* PackageIdentifier.swift in Sources */ = {isa = PBXBuildFile; fileRef = OBJ_16 /* PackageIdentifier.swift */; };
		OBJ_46 /* Packages.swift in Sources */ = {isa = PBXBuildFile; fileRef = OBJ_17 /* Packages.swift */; };
		OBJ_47 /* Runtime.swift in Sources */ = {isa = PBXBuildFile; fileRef = OBJ_18 /* Runtime.swift */; };
		OBJ_48 /* Transporter.swift in Sources */ = {isa = PBXBuildFile; fileRef = OBJ_19 /* Transporter.swift */; };
		OBJ_55 /* Package.swift in Sources */ = {isa = PBXBuildFile; fileRef = OBJ_6 /* Package.swift */; };
		OBJ_66 /* atlantisTests.swift in Sources */ = {isa = PBXBuildFile; fileRef = OBJ_22 /* atlantisTests.swift */; };
		OBJ_68 /* Atlantis.framework in Frameworks */ = {isa = PBXBuildFile; fileRef = "Atlantis::Atlantis::Product" /* Atlantis.framework */; };
/* End PBXBuildFile section */

/* Begin PBXContainerItemProxy section */
		172C86A8255161DD00812AC7 /* PBXContainerItemProxy */ = {
			isa = PBXContainerItemProxy;
			containerPortal = OBJ_1 /* Project object */;
			proxyType = 1;
			remoteGlobalIDString = "Atlantis::Atlantis";
			remoteInfo = Atlantis;
		};
		172C86AB255161DE00812AC7 /* PBXContainerItemProxy */ = {
			isa = PBXContainerItemProxy;
			containerPortal = OBJ_1 /* Project object */;
			proxyType = 1;
			remoteGlobalIDString = "Atlantis::AtlantisTests";
			remoteInfo = AtlantisTests;
		};
/* End PBXContainerItemProxy section */

/* Begin PBXFileReference section */
		"Atlantis::Atlantis::Product" /* Atlantis.framework */ = {isa = PBXFileReference; explicitFileType = wrapper.framework; path = Atlantis.framework; sourceTree = BUILT_PRODUCTS_DIR; };
		"Atlantis::AtlantisTests::Product" /* AtlantisTests.xctest */ = {isa = PBXFileReference; lastKnownFileType = file; path = AtlantisTests.xctest; sourceTree = BUILT_PRODUCTS_DIR; };
		OBJ_10 /* DataCompression.swift */ = {isa = PBXFileReference; lastKnownFileType = sourcecode.swift; path = DataCompression.swift; sourceTree = "<group>"; };
		OBJ_11 /* DispatchQueue+Once.swift */ = {isa = PBXFileReference; lastKnownFileType = sourcecode.swift; path = "DispatchQueue+Once.swift"; sourceTree = "<group>"; };
		OBJ_12 /* Message.swift */ = {isa = PBXFileReference; lastKnownFileType = sourcecode.swift; path = Message.swift; sourceTree = "<group>"; };
		OBJ_13 /* NetworkInjector+URLConnection.swift */ = {isa = PBXFileReference; lastKnownFileType = sourcecode.swift; path = "NetworkInjector+URLConnection.swift"; sourceTree = "<group>"; };
		OBJ_14 /* NetworkInjector+URLSession.swift */ = {isa = PBXFileReference; lastKnownFileType = sourcecode.swift; path = "NetworkInjector+URLSession.swift"; sourceTree = "<group>"; };
		OBJ_15 /* NetworkInjector.swift */ = {isa = PBXFileReference; lastKnownFileType = sourcecode.swift; path = NetworkInjector.swift; sourceTree = "<group>"; };
		OBJ_16 /* PackageIdentifier.swift */ = {isa = PBXFileReference; lastKnownFileType = sourcecode.swift; path = PackageIdentifier.swift; sourceTree = "<group>"; };
		OBJ_17 /* Packages.swift */ = {isa = PBXFileReference; lastKnownFileType = sourcecode.swift; path = Packages.swift; sourceTree = "<group>"; };
		OBJ_18 /* Runtime.swift */ = {isa = PBXFileReference; lastKnownFileType = sourcecode.swift; path = Runtime.swift; sourceTree = "<group>"; };
		OBJ_19 /* Transporter.swift */ = {isa = PBXFileReference; lastKnownFileType = sourcecode.swift; path = Transporter.swift; sourceTree = "<group>"; };
		OBJ_22 /* atlantisTests.swift */ = {isa = PBXFileReference; lastKnownFileType = sourcecode.swift; path = atlantisTests.swift; sourceTree = "<group>"; };
		OBJ_26 /* images */ = {isa = PBXFileReference; lastKnownFileType = folder; path = images; sourceTree = SOURCE_ROOT; };
		OBJ_27 /* Atlantis-Example */ = {isa = PBXFileReference; lastKnownFileType = folder; path = "Atlantis-Example"; sourceTree = SOURCE_ROOT; };
		OBJ_28 /* Configs */ = {isa = PBXFileReference; lastKnownFileType = folder; path = Configs; sourceTree = SOURCE_ROOT; };
		OBJ_29 /* LICENSE */ = {isa = PBXFileReference; lastKnownFileType = text; path = LICENSE; sourceTree = "<group>"; };
		OBJ_30 /* README.md */ = {isa = PBXFileReference; lastKnownFileType = net.daringfireball.markdown; path = README.md; sourceTree = "<group>"; };
		OBJ_31 /* atlantis-proxyman.podspec */ = {isa = PBXFileReference; lastKnownFileType = text; path = "atlantis-proxyman.podspec"; sourceTree = "<group>"; };
		OBJ_6 /* Package.swift */ = {isa = PBXFileReference; explicitFileType = sourcecode.swift; path = Package.swift; sourceTree = "<group>"; };
		OBJ_8 /* Atlantis.swift */ = {isa = PBXFileReference; lastKnownFileType = sourcecode.swift; path = Atlantis.swift; sourceTree = "<group>"; };
		OBJ_9 /* Configuration.swift */ = {isa = PBXFileReference; lastKnownFileType = sourcecode.swift; path = Configuration.swift; sourceTree = "<group>"; };
/* End PBXFileReference section */

/* Begin PBXFrameworksBuildPhase section */
		OBJ_49 /* Frameworks */ = {
			isa = PBXFrameworksBuildPhase;
			buildActionMask = 0;
			files = (
			);
			runOnlyForDeploymentPostprocessing = 0;
		};
		OBJ_67 /* Frameworks */ = {
			isa = PBXFrameworksBuildPhase;
			buildActionMask = 0;
			files = (
				OBJ_68 /* Atlantis.framework in Frameworks */,
			);
			runOnlyForDeploymentPostprocessing = 0;
		};
/* End PBXFrameworksBuildPhase section */

/* Begin PBXGroup section */
		OBJ_20 /* Tests */ = {
			isa = PBXGroup;
			children = (
				OBJ_21 /* AtlantisTests */,
			);
			name = Tests;
			sourceTree = SOURCE_ROOT;
		};
		OBJ_21 /* AtlantisTests */ = {
			isa = PBXGroup;
			children = (
				OBJ_22 /* atlantisTests.swift */,
			);
			name = AtlantisTests;
			path = Tests/AtlantisTests;
			sourceTree = SOURCE_ROOT;
		};
		OBJ_23 /* Products */ = {
			isa = PBXGroup;
			children = (
				"Atlantis::AtlantisTests::Product" /* AtlantisTests.xctest */,
				"Atlantis::Atlantis::Product" /* Atlantis.framework */,
			);
			name = Products;
			sourceTree = BUILT_PRODUCTS_DIR;
		};
		OBJ_5 = {
			isa = PBXGroup;
			children = (
				OBJ_6 /* Package.swift */,
				OBJ_7 /* Sources */,
				OBJ_20 /* Tests */,
				OBJ_23 /* Products */,
				OBJ_26 /* images */,
				OBJ_27 /* Atlantis-Example */,
				OBJ_28 /* Configs */,
				OBJ_29 /* LICENSE */,
				OBJ_30 /* README.md */,
				OBJ_31 /* atlantis-proxyman.podspec */,
			);
			sourceTree = "<group>";
		};
		OBJ_7 /* Sources */ = {
			isa = PBXGroup;
			children = (
				OBJ_8 /* Atlantis.swift */,
				OBJ_9 /* Configuration.swift */,
				OBJ_10 /* DataCompression.swift */,
				OBJ_11 /* DispatchQueue+Once.swift */,
				OBJ_12 /* Message.swift */,
				OBJ_13 /* NetworkInjector+URLConnection.swift */,
				OBJ_14 /* NetworkInjector+URLSession.swift */,
				OBJ_15 /* NetworkInjector.swift */,
				OBJ_16 /* PackageIdentifier.swift */,
				OBJ_17 /* Packages.swift */,
				OBJ_18 /* Runtime.swift */,
				OBJ_19 /* Transporter.swift */,
			);
			path = Sources;
			sourceTree = SOURCE_ROOT;
		};
/* End PBXGroup section */

/* Begin PBXNativeTarget section */
		"Atlantis::Atlantis" /* Atlantis */ = {
			isa = PBXNativeTarget;
			buildConfigurationList = OBJ_33 /* Build configuration list for PBXNativeTarget "Atlantis" */;
			buildPhases = (
				OBJ_36 /* Sources */,
				OBJ_49 /* Frameworks */,
			);
			buildRules = (
			);
			dependencies = (
			);
			name = Atlantis;
			productName = Atlantis;
			productReference = "Atlantis::Atlantis::Product" /* Atlantis.framework */;
			productType = "com.apple.product-type.framework";
		};
		"Atlantis::AtlantisTests" /* AtlantisTests */ = {
			isa = PBXNativeTarget;
			buildConfigurationList = OBJ_62 /* Build configuration list for PBXNativeTarget "AtlantisTests" */;
			buildPhases = (
				OBJ_65 /* Sources */,
				OBJ_67 /* Frameworks */,
			);
			buildRules = (
			);
			dependencies = (
				OBJ_69 /* PBXTargetDependency */,
			);
			name = AtlantisTests;
			productName = AtlantisTests;
			productReference = "Atlantis::AtlantisTests::Product" /* AtlantisTests.xctest */;
			productType = "com.apple.product-type.bundle.unit-test";
		};
		"Atlantis::SwiftPMPackageDescription" /* AtlantisPackageDescription */ = {
			isa = PBXNativeTarget;
			buildConfigurationList = OBJ_51 /* Build configuration list for PBXNativeTarget "AtlantisPackageDescription" */;
			buildPhases = (
				OBJ_54 /* Sources */,
			);
			buildRules = (
			);
			dependencies = (
			);
			name = AtlantisPackageDescription;
			productName = AtlantisPackageDescription;
			productType = "com.apple.product-type.framework";
		};
/* End PBXNativeTarget section */

/* Begin PBXProject section */
		OBJ_1 /* Project object */ = {
			isa = PBXProject;
			attributes = {
				LastSwiftMigration = 9999;
				LastUpgradeCheck = 9999;
			};
			buildConfigurationList = OBJ_2 /* Build configuration list for PBXProject "Atlantis" */;
			compatibilityVersion = "Xcode 3.2";
			developmentRegion = en;
			hasScannedForEncodings = 0;
			knownRegions = (
				en,
			);
			mainGroup = OBJ_5;
			productRefGroup = OBJ_23 /* Products */;
			projectDirPath = "";
			projectRoot = "";
			targets = (
				"Atlantis::Atlantis" /* Atlantis */,
				"Atlantis::SwiftPMPackageDescription" /* AtlantisPackageDescription */,
				"Atlantis::AtlantisPackageTests::ProductTarget" /* AtlantisPackageTests */,
				"Atlantis::AtlantisTests" /* AtlantisTests */,
			);
		};
/* End PBXProject section */

/* Begin PBXSourcesBuildPhase section */
		OBJ_36 /* Sources */ = {
			isa = PBXSourcesBuildPhase;
			buildActionMask = 0;
			files = (
				OBJ_37 /* Atlantis.swift in Sources */,
				OBJ_38 /* Configuration.swift in Sources */,
				OBJ_39 /* DataCompression.swift in Sources */,
				OBJ_40 /* DispatchQueue+Once.swift in Sources */,
				OBJ_41 /* Message.swift in Sources */,
				OBJ_42 /* NetworkInjector+URLConnection.swift in Sources */,
				OBJ_43 /* NetworkInjector+URLSession.swift in Sources */,
				OBJ_44 /* NetworkInjector.swift in Sources */,
				OBJ_45 /* PackageIdentifier.swift in Sources */,
				OBJ_46 /* Packages.swift in Sources */,
				OBJ_47 /* Runtime.swift in Sources */,
				OBJ_48 /* Transporter.swift in Sources */,
			);
			runOnlyForDeploymentPostprocessing = 0;
		};
		OBJ_54 /* Sources */ = {
			isa = PBXSourcesBuildPhase;
			buildActionMask = 0;
			files = (
				OBJ_55 /* Package.swift in Sources */,
			);
			runOnlyForDeploymentPostprocessing = 0;
		};
		OBJ_65 /* Sources */ = {
			isa = PBXSourcesBuildPhase;
			buildActionMask = 0;
			files = (
				OBJ_66 /* atlantisTests.swift in Sources */,
			);
			runOnlyForDeploymentPostprocessing = 0;
		};
/* End PBXSourcesBuildPhase section */

/* Begin PBXTargetDependency section */
		OBJ_60 /* PBXTargetDependency */ = {
			isa = PBXTargetDependency;
			target = "Atlantis::AtlantisTests" /* AtlantisTests */;
			targetProxy = 172C86AB255161DE00812AC7 /* PBXContainerItemProxy */;
		};
		OBJ_69 /* PBXTargetDependency */ = {
			isa = PBXTargetDependency;
			target = "Atlantis::Atlantis" /* Atlantis */;
			targetProxy = 172C86A8255161DD00812AC7 /* PBXContainerItemProxy */;
		};
/* End PBXTargetDependency section */

/* Begin XCBuildConfiguration section */
		OBJ_3 /* Debug */ = {
			isa = XCBuildConfiguration;
			buildSettings = {
				CLANG_ENABLE_OBJC_ARC = YES;
				COMBINE_HIDPI_IMAGES = YES;
				COPY_PHASE_STRIP = NO;
				CURRENT_PROJECT_VERSION = 1;
				DEBUG_INFORMATION_FORMAT = dwarf;
				DYLIB_INSTALL_NAME_BASE = "@rpath";
				ENABLE_NS_ASSERTIONS = YES;
				GCC_OPTIMIZATION_LEVEL = 0;
				GCC_PREPROCESSOR_DEFINITIONS = (
					"$(inherited)",
					"SWIFT_PACKAGE=1",
					"DEBUG=1",
				);
				MACOSX_DEPLOYMENT_TARGET = 10.12;
				ONLY_ACTIVE_ARCH = YES;
				OTHER_SWIFT_FLAGS = "$(inherited) -DXcode";
				PRODUCT_NAME = "$(TARGET_NAME)";
				SDKROOT = macosx;
				SUPPORTED_PLATFORMS = "macosx iphoneos iphonesimulator appletvos appletvsimulator watchos watchsimulator";
				SWIFT_ACTIVE_COMPILATION_CONDITIONS = "$(inherited) SWIFT_PACKAGE DEBUG";
				SWIFT_OPTIMIZATION_LEVEL = "-Onone";
				USE_HEADERMAP = NO;
				VERSIONING_SYSTEM = "apple-generic";
			};
			name = Debug;
		};
		OBJ_34 /* Debug */ = {
			isa = XCBuildConfiguration;
			buildSettings = {
				ENABLE_TESTABILITY = YES;
				FRAMEWORK_SEARCH_PATHS = (
					"$(inherited)",
					"$(PLATFORM_DIR)/Developer/Library/Frameworks",
				);
				HEADER_SEARCH_PATHS = "$(inherited)";
				INFOPLIST_FILE = Atlantis.xcodeproj/Atlantis_Info.plist;
				IPHONEOS_DEPLOYMENT_TARGET = 11.0;
				LD_RUNPATH_SEARCH_PATHS = "$(inherited) $(TOOLCHAIN_DIR)/usr/lib/swift/macosx";
				MACOSX_DEPLOYMENT_TARGET = 10.12;
				MARKETING_VERSION = 1.3.0;
				OTHER_CFLAGS = "$(inherited)";
				OTHER_LDFLAGS = "$(inherited)";
				OTHER_SWIFT_FLAGS = "$(inherited)";
				PRODUCT_BUNDLE_IDENTIFIER = Atlantis;
				PRODUCT_MODULE_NAME = "$(TARGET_NAME:c99extidentifier)";
				PRODUCT_NAME = "$(TARGET_NAME:c99extidentifier)";
				SKIP_INSTALL = YES;
				SWIFT_ACTIVE_COMPILATION_CONDITIONS = "$(inherited)";
				SWIFT_VERSION = 5.0;
				TARGET_NAME = Atlantis;
				TVOS_DEPLOYMENT_TARGET = 9.0;
				WATCHOS_DEPLOYMENT_TARGET = 2.0;
			};
			name = Debug;
		};
		OBJ_35 /* Release */ = {
			isa = XCBuildConfiguration;
			buildSettings = {
				ENABLE_TESTABILITY = YES;
				FRAMEWORK_SEARCH_PATHS = (
					"$(inherited)",
					"$(PLATFORM_DIR)/Developer/Library/Frameworks",
				);
				HEADER_SEARCH_PATHS = "$(inherited)";
				INFOPLIST_FILE = Atlantis.xcodeproj/Atlantis_Info.plist;
				IPHONEOS_DEPLOYMENT_TARGET = 11.0;
				LD_RUNPATH_SEARCH_PATHS = "$(inherited) $(TOOLCHAIN_DIR)/usr/lib/swift/macosx";
				MACOSX_DEPLOYMENT_TARGET = 10.12;
				MARKETING_VERSION = 1.3.0;
				OTHER_CFLAGS = "$(inherited)";
				OTHER_LDFLAGS = "$(inherited)";
				OTHER_SWIFT_FLAGS = "$(inherited)";
				PRODUCT_BUNDLE_IDENTIFIER = Atlantis;
				PRODUCT_MODULE_NAME = "$(TARGET_NAME:c99extidentifier)";
				PRODUCT_NAME = "$(TARGET_NAME:c99extidentifier)";
				SKIP_INSTALL = YES;
				SWIFT_ACTIVE_COMPILATION_CONDITIONS = "$(inherited)";
				SWIFT_VERSION = 5.0;
				TARGET_NAME = Atlantis;
				TVOS_DEPLOYMENT_TARGET = 9.0;
				WATCHOS_DEPLOYMENT_TARGET = 2.0;
			};
			name = Release;
		};
		OBJ_4 /* Release */ = {
			isa = XCBuildConfiguration;
			buildSettings = {
				CLANG_ENABLE_OBJC_ARC = YES;
				COMBINE_HIDPI_IMAGES = YES;
				COPY_PHASE_STRIP = YES;
				CURRENT_PROJECT_VERSION = 1;
				DEBUG_INFORMATION_FORMAT = "dwarf-with-dsym";
				DYLIB_INSTALL_NAME_BASE = "@rpath";
				GCC_OPTIMIZATION_LEVEL = s;
				GCC_PREPROCESSOR_DEFINITIONS = (
					"$(inherited)",
					"SWIFT_PACKAGE=1",
				);
				MACOSX_DEPLOYMENT_TARGET = 10.12;
				OTHER_SWIFT_FLAGS = "$(inherited) -DXcode";
				PRODUCT_NAME = "$(TARGET_NAME)";
				SDKROOT = macosx;
				SUPPORTED_PLATFORMS = "macosx iphoneos iphonesimulator appletvos appletvsimulator watchos watchsimulator";
				SWIFT_ACTIVE_COMPILATION_CONDITIONS = "$(inherited) SWIFT_PACKAGE";
				SWIFT_OPTIMIZATION_LEVEL = "-Owholemodule";
				USE_HEADERMAP = NO;
				VERSIONING_SYSTEM = "apple-generic";
			};
			name = Release;
		};
		OBJ_52 /* Debug */ = {
			isa = XCBuildConfiguration;
			buildSettings = {
				LD = /usr/bin/true;
				OTHER_SWIFT_FLAGS = "-swift-version 5 -I $(TOOLCHAIN_DIR)/usr/lib/swift/pm/4_2 -sdk /Applications/Xcode.app/Contents/Developer/Platforms/MacOSX.platform/Developer/SDKs/MacOSX10.15.sdk -package-description-version 5.2.0";
				SWIFT_VERSION = 5.0;
			};
			name = Debug;
		};
		OBJ_53 /* Release */ = {
			isa = XCBuildConfiguration;
			buildSettings = {
				LD = /usr/bin/true;
				OTHER_SWIFT_FLAGS = "-swift-version 5 -I $(TOOLCHAIN_DIR)/usr/lib/swift/pm/4_2 -sdk /Applications/Xcode.app/Contents/Developer/Platforms/MacOSX.platform/Developer/SDKs/MacOSX10.15.sdk -package-description-version 5.2.0";
				SWIFT_VERSION = 5.0;
			};
			name = Release;
		};
		OBJ_58 /* Debug */ = {
			isa = XCBuildConfiguration;
			buildSettings = {
			};
			name = Debug;
		};
		OBJ_59 /* Release */ = {
			isa = XCBuildConfiguration;
			buildSettings = {
			};
			name = Release;
		};
		OBJ_63 /* Debug */ = {
			isa = XCBuildConfiguration;
			buildSettings = {
				CLANG_ENABLE_MODULES = YES;
				EMBEDDED_CONTENT_CONTAINS_SWIFT = YES;
				FRAMEWORK_SEARCH_PATHS = (
					"$(inherited)",
					"$(PLATFORM_DIR)/Developer/Library/Frameworks",
				);
				HEADER_SEARCH_PATHS = "$(inherited)";
				INFOPLIST_FILE = Atlantis.xcodeproj/AtlantisTests_Info.plist;
				IPHONEOS_DEPLOYMENT_TARGET = 14.0;
				LD_RUNPATH_SEARCH_PATHS = "$(inherited) @loader_path/../Frameworks @loader_path/Frameworks";
				MACOSX_DEPLOYMENT_TARGET = 10.15;
				OTHER_CFLAGS = "$(inherited)";
				OTHER_LDFLAGS = "$(inherited)";
				OTHER_SWIFT_FLAGS = "$(inherited)";
				SWIFT_ACTIVE_COMPILATION_CONDITIONS = "$(inherited)";
				SWIFT_VERSION = 5.0;
				TARGET_NAME = AtlantisTests;
				TVOS_DEPLOYMENT_TARGET = 9.0;
				WATCHOS_DEPLOYMENT_TARGET = 2.0;
			};
			name = Debug;
		};
		OBJ_64 /* Release */ = {
			isa = XCBuildConfiguration;
			buildSettings = {
				CLANG_ENABLE_MODULES = YES;
				EMBEDDED_CONTENT_CONTAINS_SWIFT = YES;
				FRAMEWORK_SEARCH_PATHS = (
					"$(inherited)",
					"$(PLATFORM_DIR)/Developer/Library/Frameworks",
				);
				HEADER_SEARCH_PATHS = "$(inherited)";
				INFOPLIST_FILE = Atlantis.xcodeproj/AtlantisTests_Info.plist;
				IPHONEOS_DEPLOYMENT_TARGET = 14.0;
				LD_RUNPATH_SEARCH_PATHS = "$(inherited) @loader_path/../Frameworks @loader_path/Frameworks";
				MACOSX_DEPLOYMENT_TARGET = 10.15;
				OTHER_CFLAGS = "$(inherited)";
				OTHER_LDFLAGS = "$(inherited)";
				OTHER_SWIFT_FLAGS = "$(inherited)";
				SWIFT_ACTIVE_COMPILATION_CONDITIONS = "$(inherited)";
				SWIFT_VERSION = 5.0;
				TARGET_NAME = AtlantisTests;
				TVOS_DEPLOYMENT_TARGET = 9.0;
				WATCHOS_DEPLOYMENT_TARGET = 2.0;
			};
			name = Release;
		};
/* End XCBuildConfiguration section */

/* Begin XCConfigurationList section */
		OBJ_2 /* Build configuration list for PBXProject "Atlantis" */ = {
			isa = XCConfigurationList;
			buildConfigurations = (
				OBJ_3 /* Debug */,
				OBJ_4 /* Release */,
			);
			defaultConfigurationIsVisible = 0;
			defaultConfigurationName = Release;
		};
		OBJ_33 /* Build configuration list for PBXNativeTarget "Atlantis" */ = {
			isa = XCConfigurationList;
			buildConfigurations = (
				OBJ_34 /* Debug */,
				OBJ_35 /* Release */,
			);
			defaultConfigurationIsVisible = 0;
			defaultConfigurationName = Release;
		};
		OBJ_51 /* Build configuration list for PBXNativeTarget "AtlantisPackageDescription" */ = {
			isa = XCConfigurationList;
			buildConfigurations = (
				OBJ_52 /* Debug */,
				OBJ_53 /* Release */,
			);
			defaultConfigurationIsVisible = 0;
			defaultConfigurationName = Release;
		};
		OBJ_57 /* Build configuration list for PBXAggregateTarget "AtlantisPackageTests" */ = {
			isa = XCConfigurationList;
			buildConfigurations = (
				OBJ_58 /* Debug */,
				OBJ_59 /* Release */,
			);
			defaultConfigurationIsVisible = 0;
			defaultConfigurationName = Release;
		};
		OBJ_62 /* Build configuration list for PBXNativeTarget "AtlantisTests" */ = {
			isa = XCConfigurationList;
			buildConfigurations = (
				OBJ_63 /* Debug */,
				OBJ_64 /* Release */,
			);
			defaultConfigurationIsVisible = 0;
			defaultConfigurationName = Release;
		};
/* End XCConfigurationList section */
	};
	rootObject = OBJ_1 /* Project object */;
}
