PODS:
  - Alamofire (5.4.1)
  - atlantis-proxyman (1.6.0)

DEPENDENCIES:
  - Alamofire
  - atlantis-proxyman (from `../atlantis-proxyman.podspec`)

SPEC REPOS:
  trunk:
    - Alamofire

EXTERNAL SOURCES:
  atlantis-proxyman:
    :path: "../atlantis-proxyman.podspec"

SPEC CHECKSUMS:
  Alamofire: 2291f7d21ca607c491dd17642e5d40fdcda0e65c
  atlantis-proxyman: f3b39b4660273db3d75bda7db0bab045416d0190

PODFILE CHECKSUM: f88828c88350704cff8b9aeda82327f0600e0f9c

COCOAPODS: 1.10.1
