PODS:
  - atlantis-proxyman (1.0.1)

DEPENDENCIES:
  - atlantis-proxyman (from `../atlantis-proxyman.podspec`)

EXTERNAL SOURCES:
  atlantis-proxyman:
    :path: "../atlantis-proxyman.podspec"

SPEC CHECKSUMS:
  atlantis-proxyman: 64584910dd09aebf0b48e171530a3644ee920215

PODFILE CHECKSUM: 5e671eaef5969ada29220d36ba9fc9831b2c62c3

COCOAPODS: 1.10.0
