// !$*UTF8*$!
{
	archiveVersion = 1;
	classes = {
	};
	objectVersion = 55;
	objects = {

/* Begin PBXBuildFile section */
		BA906E94286AC09300ACA71C /* Atlantis in Frameworks */ = {isa = PBXBuildFile; productRef = BA906E93286AC09300ACA71C /* Atlantis */; };
		BAD1DF342723A95500E84C7A /* AppDelegate.swift in Sources */ = {isa = PBXBuildFile; fileRef = BAD1DF332723A95500E84C7A /* AppDelegate.swift */; };
		BAD1DF362723A95500E84C7A /* SceneDelegate.swift in Sources */ = {isa = PBXBuildFile; fileRef = BAD1DF352723A95500E84C7A /* SceneDelegate.swift */; };
		BAD1DF382723A95500E84C7A /* ViewController.swift in Sources */ = {isa = PBXBuildFile; fileRef = BAD1DF372723A95500E84C7A /* ViewController.swift */; };
		BAD1DF3B2723A95500E84C7A /* Main.storyboard in Resources */ = {isa = PBXBuildFile; fileRef = BAD1DF392723A95500E84C7A /* Main.storyboard */; };
		BAD1DF3D2723A95600E84C7A /* Assets.xcassets in Resources */ = {isa = PBXBuildFile; fileRef = BAD1DF3C2723A95600E84C7A /* Assets.xcassets */; };
		BAD1DF402723A95600E84C7A /* LaunchScreen.storyboard in Resources */ = {isa = PBXBuildFile; fileRef = BAD1DF3E2723A95600E84C7A /* LaunchScreen.storyboard */; };
		BAD1DF4F2723B15900E84C7A /* Alamofire in Frameworks */ = {isa = PBXBuildFile; productRef = BAD1DF4E2723B15900E84C7A /* Alamofire */; };
		BAD1DF512723B54F00E84C7A /* image.jpg in Resources */ = {isa = PBXBuildFile; fileRef = BAD1DF502723B54F00E84C7A /* image.jpg */; };
/* End PBXBuildFile section */

/* Begin PBXFileReference section */
		BA906E91286AC07D00ACA71C /* atlantis */ = {isa = PBXFileReference; lastKnownFileType = wrapper; name = atlantis; path = ../..; sourceTree = "<group>"; };
		BAD1DF302723A95500E84C7A /* Atlantis-Example-App.app */ = {isa = PBXFileReference; explicitFileType = wrapper.application; includeInIndex = 0; path = "Atlantis-Example-App.app"; sourceTree = BUILT_PRODUCTS_DIR; };
		BAD1DF332723A95500E84C7A /* AppDelegate.swift */ = {isa = PBXFileReference; lastKnownFileType = sourcecode.swift; path = AppDelegate.swift; sourceTree = "<group>"; };
		BAD1DF352723A95500E84C7A /* SceneDelegate.swift */ = {isa = PBXFileReference; lastKnownFileType = sourcecode.swift; path = SceneDelegate.swift; sourceTree = "<group>"; };
		BAD1DF372723A95500E84C7A /* ViewController.swift */ = {isa = PBXFileReference; lastKnownFileType = sourcecode.swift; path = ViewController.swift; sourceTree = "<group>"; };
		BAD1DF3A2723A95500E84C7A /* Base */ = {isa = PBXFileReference; lastKnownFileType = file.storyboard; name = Base; path = Base.lproj/Main.storyboard; sourceTree = "<group>"; };
		BAD1DF3C2723A95600E84C7A /* Assets.xcassets */ = {isa = PBXFileReference; lastKnownFileType = folder.assetcatalog; path = Assets.xcassets; sourceTree = "<group>"; };
		BAD1DF3F2723A95600E84C7A /* Base */ = {isa = PBXFileReference; lastKnownFileType = file.storyboard; name = Base; path = Base.lproj/LaunchScreen.storyboard; sourceTree = "<group>"; };
		BAD1DF412723A95600E84C7A /* Info.plist */ = {isa = PBXFileReference; lastKnownFileType = text.plist.xml; path = Info.plist; sourceTree = "<group>"; };
		BAD1DF502723B54F00E84C7A /* image.jpg */ = {isa = PBXFileReference; lastKnownFileType = image.jpeg; path = image.jpg; sourceTree = "<group>"; };
/* End PBXFileReference section */

/* Begin PBXFrameworksBuildPhase section */
		BAD1DF2D2723A95500E84C7A /* Frameworks */ = {
			isa = PBXFrameworksBuildPhase;
			buildActionMask = 2147483647;
			files = (
				BA906E94286AC09300ACA71C /* Atlantis in Frameworks */,
				BAD1DF4F2723B15900E84C7A /* Alamofire in Frameworks */,
			);
			runOnlyForDeploymentPostprocessing = 0;
		};
/* End PBXFrameworksBuildPhase section */

/* Begin PBXGroup section */
		BA906E90286AC07D00ACA71C /* Packages */ = {
			isa = PBXGroup;
			children = (
				BA906E91286AC07D00ACA71C /* atlantis */,
			);
			name = Packages;
			sourceTree = "<group>";
		};
		BA906E92286AC09300ACA71C /* Frameworks */ = {
			isa = PBXGroup;
			children = (
			);
			name = Frameworks;
			sourceTree = "<group>";
		};
		BAD1DF272723A95500E84C7A = {
			isa = PBXGroup;
			children = (
				BA906E90286AC07D00ACA71C /* Packages */,
				BAD1DF322723A95500E84C7A /* Atlantis-Example-App */,
				BAD1DF312723A95500E84C7A /* Products */,
				BA906E92286AC09300ACA71C /* Frameworks */,
			);
			sourceTree = "<group>";
		};
		BAD1DF312723A95500E84C7A /* Products */ = {
			isa = PBXGroup;
			children = (
				BAD1DF302723A95500E84C7A /* Atlantis-Example-App.app */,
			);
			name = Products;
			sourceTree = "<group>";
		};
		BAD1DF322723A95500E84C7A /* Atlantis-Example-App */ = {
			isa = PBXGroup;
			children = (
				BAD1DF502723B54F00E84C7A /* image.jpg */,
				BAD1DF332723A95500E84C7A /* AppDelegate.swift */,
				BAD1DF352723A95500E84C7A /* SceneDelegate.swift */,
				BAD1DF372723A95500E84C7A /* ViewController.swift */,
				BAD1DF392723A95500E84C7A /* Main.storyboard */,
				BAD1DF3C2723A95600E84C7A /* Assets.xcassets */,
				BAD1DF3E2723A95600E84C7A /* LaunchScreen.storyboard */,
				BAD1DF412723A95600E84C7A /* Info.plist */,
			);
			path = "Atlantis-Example-App";
			sourceTree = "<group>";
		};
/* End PBXGroup section */

/* Begin PBXNativeTarget section */
		BAD1DF2F2723A95500E84C7A /* Atlantis-Example-App */ = {
			isa = PBXNativeTarget;
			buildConfigurationList = BAD1DF442723A95600E84C7A /* Build configuration list for PBXNativeTarget "Atlantis-Example-App" */;
			buildPhases = (
				BAD1DF2C2723A95500E84C7A /* Sources */,
				BAD1DF2D2723A95500E84C7A /* Frameworks */,
				BAD1DF2E2723A95500E84C7A /* Resources */,
			);
			buildRules = (
			);
			dependencies = (
			);
			name = "Atlantis-Example-App";
			packageProductDependencies = (
				BAD1DF4E2723B15900E84C7A /* Alamofire */,
				BA906E93286AC09300ACA71C /* Atlantis */,
			);
			productName = "Atlantis-Example-App";
			productReference = BAD1DF302723A95500E84C7A /* Atlantis-Example-App.app */;
			productType = "com.apple.product-type.application";
		};
/* End PBXNativeTarget section */

/* Begin PBXProject section */
		BAD1DF282723A95500E84C7A /* Project object */ = {
			isa = PBXProject;
			attributes = {
				BuildIndependentTargetsInParallel = 1;
				LastSwiftUpdateCheck = 1300;
				LastUpgradeCheck = 1300;
				TargetAttributes = {
					BAD1DF2F2723A95500E84C7A = {
						CreatedOnToolsVersion = 13.0;
					};
				};
			};
			buildConfigurationList = BAD1DF2B2723A95500E84C7A /* Build configuration list for PBXProject "Atlantis-Example-App" */;
			compatibilityVersion = "Xcode 13.0";
			developmentRegion = en;
			hasScannedForEncodings = 0;
			knownRegions = (
				en,
				Base,
			);
			mainGroup = BAD1DF272723A95500E84C7A;
			packageReferences = (
				BAD1DF4D2723B15900E84C7A /* XCRemoteSwiftPackageReference "Alamofire" */,
			);
			productRefGroup = BAD1DF312723A95500E84C7A /* Products */;
			projectDirPath = "";
			projectRoot = "";
			targets = (
				BAD1DF2F2723A95500E84C7A /* Atlantis-Example-App */,
			);
		};
/* End PBXProject section */

/* Begin PBXResourcesBuildPhase section */
		BAD1DF2E2723A95500E84C7A /* Resources */ = {
			isa = PBXResourcesBuildPhase;
			buildActionMask = 2147483647;
			files = (
				BAD1DF402723A95600E84C7A /* LaunchScreen.storyboard in Resources */,
				BAD1DF3D2723A95600E84C7A /* Assets.xcassets in Resources */,
				BAD1DF3B2723A95500E84C7A /* Main.storyboard in Resources */,
				BAD1DF512723B54F00E84C7A /* image.jpg in Resources */,
			);
			runOnlyForDeploymentPostprocessing = 0;
		};
/* End PBXResourcesBuildPhase section */

/* Begin PBXSourcesBuildPhase section */
		BAD1DF2C2723A95500E84C7A /* Sources */ = {
			isa = PBXSourcesBuildPhase;
			buildActionMask = 2147483647;
			files = (
				BAD1DF382723A95500E84C7A /* ViewController.swift in Sources */,
				BAD1DF342723A95500E84C7A /* AppDelegate.swift in Sources */,
				BAD1DF362723A95500E84C7A /* SceneDelegate.swift in Sources */,
			);
			runOnlyForDeploymentPostprocessing = 0;
		};
/* End PBXSourcesBuildPhase section */

/* Begin PBXVariantGroup section */
		BAD1DF392723A95500E84C7A /* Main.storyboard */ = {
			isa = PBXVariantGroup;
			children = (
				BAD1DF3A2723A95500E84C7A /* Base */,
			);
			name = Main.storyboard;
			sourceTree = "<group>";
		};
		BAD1DF3E2723A95600E84C7A /* LaunchScreen.storyboard */ = {
			isa = PBXVariantGroup;
			children = (
				BAD1DF3F2723A95600E84C7A /* Base */,
			);
			name = LaunchScreen.storyboard;
			sourceTree = "<group>";
		};
/* End PBXVariantGroup section */

/* Begin XCBuildConfiguration section */
		BAD1DF422723A95600E84C7A /* Debug */ = {
			isa = XCBuildConfiguration;
			buildSettings = {
				ALWAYS_SEARCH_USER_PATHS = NO;
				CLANG_ANALYZER_NONNULL = YES;
				CLANG_ANALYZER_NUMBER_OBJECT_CONVERSION = YES_AGGRESSIVE;
				CLANG_CXX_LANGUAGE_STANDARD = "gnu++17";
				CLANG_CXX_LIBRARY = "libc++";
				CLANG_ENABLE_MODULES = YES;
				CLANG_ENABLE_OBJC_ARC = YES;
				CLANG_ENABLE_OBJC_WEAK = YES;
				CLANG_WARN_BLOCK_CAPTURE_AUTORELEASING = YES;
				CLANG_WARN_BOOL_CONVERSION = YES;
				CLANG_WARN_COMMA = YES;
				CLANG_WARN_CONSTANT_CONVERSION = YES;
				CLANG_WARN_DEPRECATED_OBJC_IMPLEMENTATIONS = YES;
				CLANG_WARN_DIRECT_OBJC_ISA_USAGE = YES_ERROR;
				CLANG_WARN_DOCUMENTATION_COMMENTS = YES;
				CLANG_WARN_EMPTY_BODY = YES;
				CLANG_WARN_ENUM_CONVERSION = YES;
				CLANG_WARN_INFINITE_RECURSION = YES;
				CLANG_WARN_INT_CONVERSION = YES;
				CLANG_WARN_NON_LITERAL_NULL_CONVERSION = YES;
				CLANG_WARN_OBJC_IMPLICIT_RETAIN_SELF = YES;
				CLANG_WARN_OBJC_LITERAL_CONVERSION = YES;
				CLANG_WARN_OBJC_ROOT_CLASS = YES_ERROR;
				CLANG_WARN_QUOTED_INCLUDE_IN_FRAMEWORK_HEADER = YES;
				CLANG_WARN_RANGE_LOOP_ANALYSIS = YES;
				CLANG_WARN_STRICT_PROTOTYPES = YES;
				CLANG_WARN_SUSPICIOUS_MOVE = YES;
				CLANG_WARN_UNGUARDED_AVAILABILITY = YES_AGGRESSIVE;
				CLANG_WARN_UNREACHABLE_CODE = YES;
				CLANG_WARN__DUPLICATE_METHOD_MATCH = YES;
				COPY_PHASE_STRIP = NO;
				DEBUG_INFORMATION_FORMAT = dwarf;
				ENABLE_STRICT_OBJC_MSGSEND = YES;
				ENABLE_TESTABILITY = YES;
				GCC_C_LANGUAGE_STANDARD = gnu11;
				GCC_DYNAMIC_NO_PIC = NO;
				GCC_NO_COMMON_BLOCKS = YES;
				GCC_OPTIMIZATION_LEVEL = 0;
				GCC_PREPROCESSOR_DEFINITIONS = (
					"DEBUG=1",
					"$(inherited)",
				);
				GCC_WARN_64_TO_32_BIT_CONVERSION = YES;
				GCC_WARN_ABOUT_RETURN_TYPE = YES_ERROR;
				GCC_WARN_UNDECLARED_SELECTOR = YES;
				GCC_WARN_UNINITIALIZED_AUTOS = YES_AGGRESSIVE;
				GCC_WARN_UNUSED_FUNCTION = YES;
				GCC_WARN_UNUSED_VARIABLE = YES;
				IPHONEOS_DEPLOYMENT_TARGET = 15.0;
				MTL_ENABLE_DEBUG_INFO = INCLUDE_SOURCE;
				MTL_FAST_MATH = YES;
				ONLY_ACTIVE_ARCH = YES;
				SDKROOT = iphoneos;
				SWIFT_ACTIVE_COMPILATION_CONDITIONS = DEBUG;
				SWIFT_OPTIMIZATION_LEVEL = "-Onone";
			};
			name = Debug;
		};
		BAD1DF432723A95600E84C7A /* Release */ = {
			isa = XCBuildConfiguration;
			buildSettings = {
				ALWAYS_SEARCH_USER_PATHS = NO;
				CLANG_ANALYZER_NONNULL = YES;
				CLANG_ANALYZER_NUMBER_OBJECT_CONVERSION = YES_AGGRESSIVE;
				CLANG_CXX_LANGUAGE_STANDARD = "gnu++17";
				CLANG_CXX_LIBRARY = "libc++";
				CLANG_ENABLE_MODULES = YES;
				CLANG_ENABLE_OBJC_ARC = YES;
				CLANG_ENABLE_OBJC_WEAK = YES;
				CLANG_WARN_BLOCK_CAPTURE_AUTORELEASING = YES;
				CLANG_WARN_BOOL_CONVERSION = YES;
				CLANG_WARN_COMMA = YES;
				CLANG_WARN_CONSTANT_CONVERSION = YES;
				CLANG_WARN_DEPRECATED_OBJC_IMPLEMENTATIONS = YES;
				CLANG_WARN_DIRECT_OBJC_ISA_USAGE = YES_ERROR;
				CLANG_WARN_DOCUMENTATION_COMMENTS = YES;
				CLANG_WARN_EMPTY_BODY = YES;
				CLANG_WARN_ENUM_CONVERSION = YES;
				CLANG_WARN_INFINITE_RECURSION = YES;
				CLANG_WARN_INT_CONVERSION = YES;
				CLANG_WARN_NON_LITERAL_NULL_CONVERSION = YES;
				CLANG_WARN_OBJC_IMPLICIT_RETAIN_SELF = YES;
				CLANG_WARN_OBJC_LITERAL_CONVERSION = YES;
				CLANG_WARN_OBJC_ROOT_CLASS = YES_ERROR;
				CLANG_WARN_QUOTED_INCLUDE_IN_FRAMEWORK_HEADER = YES;
				CLANG_WARN_RANGE_LOOP_ANALYSIS = YES;
				CLANG_WARN_STRICT_PROTOTYPES = YES;
				CLANG_WARN_SUSPICIOUS_MOVE = YES;
				CLANG_WARN_UNGUARDED_AVAILABILITY = YES_AGGRESSIVE;
				CLANG_WARN_UNREACHABLE_CODE = YES;
				CLANG_WARN__DUPLICATE_METHOD_MATCH = YES;
				COPY_PHASE_STRIP = NO;
				DEBUG_INFORMATION_FORMAT = "dwarf-with-dsym";
				ENABLE_NS_ASSERTIONS = NO;
				ENABLE_STRICT_OBJC_MSGSEND = YES;
				GCC_C_LANGUAGE_STANDARD = gnu11;
				GCC_NO_COMMON_BLOCKS = YES;
				GCC_WARN_64_TO_32_BIT_CONVERSION = YES;
				GCC_WARN_ABOUT_RETURN_TYPE = YES_ERROR;
				GCC_WARN_UNDECLARED_SELECTOR = YES;
				GCC_WARN_UNINITIALIZED_AUTOS = YES_AGGRESSIVE;
				GCC_WARN_UNUSED_FUNCTION = YES;
				GCC_WARN_UNUSED_VARIABLE = YES;
				IPHONEOS_DEPLOYMENT_TARGET = 15.0;
				MTL_ENABLE_DEBUG_INFO = NO;
				MTL_FAST_MATH = YES;
				SDKROOT = iphoneos;
				SWIFT_COMPILATION_MODE = wholemodule;
				SWIFT_OPTIMIZATION_LEVEL = "-O";
				VALIDATE_PRODUCT = YES;
			};
			name = Release;
		};
		BAD1DF452723A95600E84C7A /* Debug */ = {
			isa = XCBuildConfiguration;
			buildSettings = {
				ASSETCATALOG_COMPILER_APPICON_NAME = AppIcon;
				ASSETCATALOG_COMPILER_GLOBAL_ACCENT_COLOR_NAME = AccentColor;
				CODE_SIGN_STYLE = Automatic;
				CURRENT_PROJECT_VERSION = 1;
				DEVELOPMENT_TEAM = 3X57WP8E8V;
				GENERATE_INFOPLIST_FILE = YES;
				INFOPLIST_FILE = "Atlantis-Example-App/Info.plist";
				INFOPLIST_KEY_UIApplicationSupportsIndirectInputEvents = YES;
				INFOPLIST_KEY_UILaunchStoryboardName = LaunchScreen;
				INFOPLIST_KEY_UIMainStoryboardFile = Main;
				INFOPLIST_KEY_UISupportedInterfaceOrientations_iPad = "UIInterfaceOrientationPortrait UIInterfaceOrientationPortraitUpsideDown UIInterfaceOrientationLandscapeLeft UIInterfaceOrientationLandscapeRight";
				INFOPLIST_KEY_UISupportedInterfaceOrientations_iPhone = "UIInterfaceOrientationPortrait UIInterfaceOrientationLandscapeLeft UIInterfaceOrientationLandscapeRight";
				LD_RUNPATH_SEARCH_PATHS = (
					"$(inherited)",
					"@executable_path/Frameworks",
				);
				MARKETING_VERSION = 1.0;
				PRODUCT_BUNDLE_IDENTIFIER = "com.proxyman.Atlantis-Example-App";
				PRODUCT_NAME = "$(TARGET_NAME)";
				SWIFT_EMIT_LOC_STRINGS = YES;
				SWIFT_VERSION = 5.0;
				TARGETED_DEVICE_FAMILY = "1,2";
			};
			name = Debug;
		};
		BAD1DF462723A95600E84C7A /* Release */ = {
			isa = XCBuildConfiguration;
			buildSettings = {
				ASSETCATALOG_COMPILER_APPICON_NAME = AppIcon;
				ASSETCATALOG_COMPILER_GLOBAL_ACCENT_COLOR_NAME = AccentColor;
				CODE_SIGN_STYLE = Automatic;
				CURRENT_PROJECT_VERSION = 1;
				DEVELOPMENT_TEAM = 3X57WP8E8V;
				GENERATE_INFOPLIST_FILE = YES;
				INFOPLIST_FILE = "Atlantis-Example-App/Info.plist";
				INFOPLIST_KEY_UIApplicationSupportsIndirectInputEvents = YES;
				INFOPLIST_KEY_UILaunchStoryboardName = LaunchScreen;
				INFOPLIST_KEY_UIMainStoryboardFile = Main;
				INFOPLIST_KEY_UISupportedInterfaceOrientations_iPad = "UIInterfaceOrientationPortrait UIInterfaceOrientationPortraitUpsideDown UIInterfaceOrientationLandscapeLeft UIInterfaceOrientationLandscapeRight";
				INFOPLIST_KEY_UISupportedInterfaceOrientations_iPhone = "UIInterfaceOrientationPortrait UIInterfaceOrientationLandscapeLeft UIInterfaceOrientationLandscapeRight";
				LD_RUNPATH_SEARCH_PATHS = (
					"$(inherited)",
					"@executable_path/Frameworks",
				);
				MARKETING_VERSION = 1.0;
				PRODUCT_BUNDLE_IDENTIFIER = "com.proxyman.Atlantis-Example-App";
				PRODUCT_NAME = "$(TARGET_NAME)";
				SWIFT_EMIT_LOC_STRINGS = YES;
				SWIFT_VERSION = 5.0;
				TARGETED_DEVICE_FAMILY = "1,2";
			};
			name = Release;
		};
/* End XCBuildConfiguration section */

/* Begin XCConfigurationList section */
		BAD1DF2B2723A95500E84C7A /* Build configuration list for PBXProject "Atlantis-Example-App" */ = {
			isa = XCConfigurationList;
			buildConfigurations = (
				BAD1DF422723A95600E84C7A /* Debug */,
				BAD1DF432723A95600E84C7A /* Release */,
			);
			defaultConfigurationIsVisible = 0;
			defaultConfigurationName = Release;
		};
		BAD1DF442723A95600E84C7A /* Build configuration list for PBXNativeTarget "Atlantis-Example-App" */ = {
			isa = XCConfigurationList;
			buildConfigurations = (
				BAD1DF452723A95600E84C7A /* Debug */,
				BAD1DF462723A95600E84C7A /* Release */,
			);
			defaultConfigurationIsVisible = 0;
			defaultConfigurationName = Release;
		};
/* End XCConfigurationList section */

/* Begin XCRemoteSwiftPackageReference section */
		BAD1DF4D2723B15900E84C7A /* XCRemoteSwiftPackageReference "Alamofire" */ = {
			isa = XCRemoteSwiftPackageReference;
			repositoryURL = "https://github.com/Alamofire/Alamofire";
			requirement = {
				kind = upToNextMajorVersion;
				minimumVersion = 5.0.0;
			};
		};
/* End XCRemoteSwiftPackageReference section */

/* Begin XCSwiftPackageProductDependency section */
		BA906E93286AC09300ACA71C /* Atlantis */ = {
			isa = XCSwiftPackageProductDependency;
			productName = Atlantis;
		};
		BAD1DF4E2723B15900E84C7A /* Alamofire */ = {
			isa = XCSwiftPackageProductDependency;
			package = BAD1DF4D2723B15900E84C7A /* XCRemoteSwiftPackageReference "Alamofire" */;
			productName = Alamofire;
		};
/* End XCSwiftPackageProductDependency section */
	};
	rootObject = BAD1DF282723A95500E84C7A /* Project object */;
}
